
Microsoft Visual Studio Solution File, Format Version 12.00
# Visual Studio Version 17
VisualStudioVersion = 17.0.31919.166
MinimumVisualStudioVersion = 10.0.40219.1
Project("{FAE04EC0-301F-11D3-BF4B-00C04F79EFBC}") = "bfs", "bfs\bfs.csproj", "{D7030C4B-E839-4F25-89D8-555485AE6CE8}"
EndProject
Global
	GlobalSection(SolutionConfigurationPlatforms) = preSolution
		Debug|Any CPU = Debug|Any CPU
		Release|Any CPU = Release|Any CPU
	EndGlobalSection
	GlobalSection(ProjectConfigurationPlatforms) = postSolution
		{D7030C4B-E839-4F25-89D8-555485AE6CE8}.Debug|Any CPU.ActiveCfg = Debug|Any CPU
		{D7030C4B-E839-4F25-89D8-555485AE6CE8}.Debug|Any CPU.Build.0 = Debug|Any CPU
		{D7030C4B-E839-4F25-89D8-555485AE6CE8}.Release|Any CPU.ActiveCfg = Release|Any CPU
		{D7030C4B-E839-4F25-89D8-555485AE6CE8}.Release|Any CPU.Build.0 = Release|Any CPU
	EndGlobalSection
	GlobalSection(SolutionProperties) = preSolution
		HideSolutionNode = FALSE
	EndGlobalSection
	GlobalSection(ExtensibilityGlobals) = postSolution
		SolutionGuid = {E39299EF-5DD4-47D1-AB5C-B51EE3AD589E}
	EndGlobalSection
EndGlobal
